
Microsoft Visual Studio Solution File, Format Version 12.00
# Visual Studio 15
Project("{FAE04EC0-301F-11D3-BF4B-00C04F79EFBC}") = "Assembly-CSharp", "Assembly-CSharp.csproj", "{D38754E7-F645-CC6C-ADF6-9B54CFFD12A2}"
EndProject
Project("{FAE04EC0-301F-11D3-BF4B-00C04F79EFBC}") = "Assembly-CSharp-Editor", "Assembly-CSharp-Editor.csproj", "{085BF2F3-6C63-51A5-C0E5-EF51A0EC2222}"
EndProject
Global
	GlobalSection(SolutionConfigurationPlatforms) = preSolution
		Debug|Any CPU = Debug|Any CPU
		Release|Any CPU = Release|Any CPU
	EndGlobalSection
	GlobalSection(ProjectConfigurationPlatforms) = postSolution
		{D38754E7-F645-CC6C-ADF6-9B54CFFD12A2}.Debug|Any CPU.ActiveCfg = Debug|Any CPU
		{D38754E7-F645-CC6C-ADF6-9B54CFFD12A2}.Debug|Any CPU.Build.0 = Debug|Any CPU
		{D38754E7-F645-CC6C-ADF6-9B54CFFD12A2}.Release|Any CPU.ActiveCfg = Release|Any CPU
		{D38754E7-F645-CC6C-ADF6-9B54CFFD12A2}.Release|Any CPU.Build.0 = Release|Any CPU
		{085BF2F3-6C63-51A5-C0E5-EF51A0EC2222}.Debug|Any CPU.ActiveCfg = Debug|Any CPU
		{085BF2F3-6C63-51A5-C0E5-EF51A0EC2222}.Debug|Any CPU.Build.0 = Debug|Any CPU
		{085BF2F3-6C63-51A5-C0E5-EF51A0EC2222}.Release|Any CPU.ActiveCfg = Release|Any CPU
		{085BF2F3-6C63-51A5-C0E5-EF51A0EC2222}.Release|Any CPU.Build.0 = Release|Any CPU
	EndGlobalSection
	GlobalSection(SolutionProperties) = preSolution
		HideSolutionNode = FALSE
	EndGlobalSection
EndGlobal
